
Microsoft Visual Studio Solution File, Format Version 12.00
# Visual Studio Version 17
VisualStudioVersion = 17.11.35222.181
MinimumVisualStudioVersion = 10.0.40219.1
Project("{FAE04EC0-301F-11D3-BF4B-00C04F79EFBC}") = "M.A.G.I.C.K", "So You Wanna Make A Dnd Character\M.A.G.I.C.K.csproj", "{3EF392DF-2501-481D-983C-17851677EB01}"
EndProject
Global
	GlobalSection(SolutionConfigurationPlatforms) = preSolution
		Debug|Any CPU = Debug|Any CPU
		Release|Any CPU = Release|Any CPU
	EndGlobalSection
	GlobalSection(ProjectConfigurationPlatforms) = postSolution
		{3EF392DF-2501-481D-983C-17851677EB01}.Debug|Any CPU.ActiveCfg = Debug|Any CPU
		{3EF392DF-2501-481D-983C-17851677EB01}.Debug|Any CPU.Build.0 = Debug|Any CPU
		{3EF392DF-2501-481D-983C-17851677EB01}.Release|Any CPU.ActiveCfg = Release|Any CPU
		{3EF392DF-2501-481D-983C-17851677EB01}.Release|Any CPU.Build.0 = Release|Any CPU
	EndGlobalSection
	GlobalSection(SolutionProperties) = preSolution
		HideSolutionNode = FALSE
	EndGlobalSection
	GlobalSection(ExtensibilityGlobals) = postSolution
		SolutionGuid = {F404D84A-2134-4D73-81F7-BBF424EEC3B0}
	EndGlobalSection
EndGlobal
